
Microsoft Visual Studio Solution File, Format Version 12.00
# Visual Studio 15
VisualStudioVersion = 15.0.28307.1972
MinimumVisualStudioVersion = 10.0.40219.1
Project("{FAE04EC0-301F-11D3-BF4B-00C04F79EFBC}") = "Mayın Tarlası", "Mayın Tarlası\Mayın Tarlası.csproj", "{FDD498F3-0004-4E0D-9AA4-ABE7344D1BB6}"
EndProject
Global
	GlobalSection(SolutionConfigurationPlatforms) = preSolution
		Debug|Any CPU = Debug|Any CPU
		Release|Any CPU = Release|Any CPU
	EndGlobalSection
	GlobalSection(ProjectConfigurationPlatforms) = postSolution
		{FDD498F3-0004-4E0D-9AA4-ABE7344D1BB6}.Debug|Any CPU.ActiveCfg = Debug|Any CPU
		{FDD498F3-0004-4E0D-9AA4-ABE7344D1BB6}.Debug|Any CPU.Build.0 = Debug|Any CPU
		{FDD498F3-0004-4E0D-9AA4-ABE7344D1BB6}.Release|Any CPU.ActiveCfg = Release|Any CPU
		{FDD498F3-0004-4E0D-9AA4-ABE7344D1BB6}.Release|Any CPU.Build.0 = Release|Any CPU
	EndGlobalSection
	GlobalSection(SolutionProperties) = preSolution
		HideSolutionNode = FALSE
	EndGlobalSection
	GlobalSection(ExtensibilityGlobals) = postSolution
		SolutionGuid = {E5EF4379-A136-4D8A-B888-5B34C1917E7C}
	EndGlobalSection
EndGlobal
